{
  "pins" : [
    {
      "identity" : "alamofire",
      "kind" : "remoteSourceControl",
      "location" : "https://github.com/Alamofire/Alamofire.git",
      "state" : {
        "branch" : "master",
        "revision" : "81a29729e7dbfe7b976723843d0280926587a532"
      }
    },
    {
      "identity" : "alamofireimage",
      "kind" : "remoteSourceControl",
      "location" : "https://github.com/Alamofire/AlamofireImage.git",
      "state" : {
        "branch" : "master",
        "revision" : "af1c41645ef2d3ab48ffb3fb3a11941c71e5f9a0"
      }
    }
  ],
  "version" : 2
}
