// !$*UTF8*$!
{
	archiveVersion = 1;
	classes = {
	};
	objectVersion = 56;
	objects = {

/* Begin PBXBuildFile section */
		094A188F29B3A61E00364A33 /* AppDelegate.swift in Sources */ = {isa = PBXBuildFile; fileRef = 094A188E29B3A61E00364A33 /* AppDelegate.swift */; };
		094A189129B3A61E00364A33 /* SceneDelegate.swift in Sources */ = {isa = PBXBuildFile; fileRef = 094A189029B3A61E00364A33 /* SceneDelegate.swift */; };
		094A189329B3A61E00364A33 /* ViewController.swift in Sources */ = {isa = PBXBuildFile; fileRef = 094A189229B3A61E00364A33 /* ViewController.swift */; };
		094A189629B3A61F00364A33 /* Main.storyboard in Resources */ = {isa = PBXBuildFile; fileRef = 094A189429B3A61F00364A33 /* Main.storyboard */; };
		094A189829B3A62200364A33 /* Assets.xcassets in Resources */ = {isa = PBXBuildFile; fileRef = 094A189729B3A62200364A33 /* Assets.xcassets */; };
		094A189B29B3A62200364A33 /* LaunchScreen.storyboard in Resources */ = {isa = PBXBuildFile; fileRef = 094A189929B3A62200364A33 /* LaunchScreen.storyboard */; };
		094A18A629B3A62200364A33 /* mobileTaskTests.swift in Sources */ = {isa = PBXBuildFile; fileRef = 094A18A529B3A62200364A33 /* mobileTaskTests.swift */; };
		094A18B029B3A62200364A33 /* mobileTaskUITests.swift in Sources */ = {isa = PBXBuildFile; fileRef = 094A18AF29B3A62200364A33 /* mobileTaskUITests.swift */; };
		094A18B229B3A62300364A33 /* mobileTaskUITestsLaunchTests.swift in Sources */ = {isa = PBXBuildFile; fileRef = 094A18B129B3A62300364A33 /* mobileTaskUITestsLaunchTests.swift */; };
/* End PBXBuildFile section */

/* Begin PBXContainerItemProxy section */
		094A18A229B3A62200364A33 /* PBXContainerItemProxy */ = {
			isa = PBXContainerItemProxy;
			containerPortal = 094A188329B3A61E00364A33 /* Project object */;
			proxyType = 1;
			remoteGlobalIDString = 094A188A29B3A61E00364A33;
			remoteInfo = mobileTask;
		};
		094A18AC29B3A62200364A33 /* PBXContainerItemProxy */ = {
			isa = PBXContainerItemProxy;
			containerPortal = 094A188329B3A61E00364A33 /* Project object */;
			proxyType = 1;
			remoteGlobalIDString = 094A188A29B3A61E00364A33;
			remoteInfo = mobileTask;
		};
/* End PBXContainerItemProxy section */

/* Begin PBXFileReference section */
		094A188B29B3A61E00364A33 /* mobileTask.app */ = {isa = PBXFileReference; explicitFileType = wrapper.application; includeInIndex = 0; path = mobileTask.app; sourceTree = BUILT_PRODUCTS_DIR; };
		094A188E29B3A61E00364A33 /* AppDelegate.swift */ = {isa = PBXFileReference; lastKnownFileType = sourcecode.swift; path = AppDelegate.swift; sourceTree = "<group>"; };
		094A189029B3A61E00364A33 /* SceneDelegate.swift */ = {isa = PBXFileReference; lastKnownFileType = sourcecode.swift; path = SceneDelegate.swift; sourceTree = "<group>"; };
		094A189229B3A61E00364A33 /* ViewController.swift */ = {isa = PBXFileReference; lastKnownFileType = sourcecode.swift; path = ViewController.swift; sourceTree = "<group>"; };
		094A189529B3A61F00364A33 /* Base */ = {isa = PBXFileReference; lastKnownFileType = file.storyboard; name = Base; path = Base.lproj/Main.storyboard; sourceTree = "<group>"; };
		094A189729B3A62200364A33 /* Assets.xcassets */ = {isa = PBXFileReference; lastKnownFileType = folder.assetcatalog; path = Assets.xcassets; sourceTree = "<group>"; };
		094A189A29B3A62200364A33 /* Base */ = {isa = PBXFileReference; lastKnownFileType = file.storyboard; name = Base; path = Base.lproj/LaunchScreen.storyboard; sourceTree = "<group>"; };
		094A189C29B3A62200364A33 /* Info.plist */ = {isa = PBXFileReference; lastKnownFileType = text.plist.xml; path = Info.plist; sourceTree = "<group>"; };
		094A18A129B3A62200364A33 /* mobileTaskTests.xctest */ = {isa = PBXFileReference; explicitFileType = wrapper.cfbundle; includeInIndex = 0; path = mobileTaskTests.xctest; sourceTree = BUILT_PRODUCTS_DIR; };
		094A18A529B3A62200364A33 /* mobileTaskTests.swift */ = {isa = PBXFileReference; lastKnownFileType = sourcecode.swift; path = mobileTaskTests.swift; sourceTree = "<group>"; };
		094A18AB29B3A62200364A33 /* mobileTaskUITests.xctest */ = {isa = PBXFileReference; explicitFileType = wrapper.cfbundle; includeInIndex = 0; path = mobileTaskUITests.xctest; sourceTree = BUILT_PRODUCTS_DIR; };
		094A18AF29B3A62200364A33 /* mobileTaskUITests.swift */ = {isa = PBXFileReference; lastKnownFileType = sourcecode.swift; path = mobileTaskUITests.swift; sourceTree = "<group>"; };
		094A18B129B3A62300364A33 /* mobileTaskUITestsLaunchTests.swift */ = {isa = PBXFileReference; lastKnownFileType = sourcecode.swift; path = mobileTaskUITestsLaunchTests.swift; sourceTree = "<group>"; };
/* End PBXFileReference section */

/* Begin PBXFrameworksBuildPhase section */
		094A188829B3A61E00364A33 /* Frameworks */ = {
			isa = PBXFrameworksBuildPhase;
			buildActionMask = 2147483647;
			files = (
			);
			runOnlyForDeploymentPostprocessing = 0;
		};
		094A189E29B3A62200364A33 /* Frameworks */ = {
			isa = PBXFrameworksBuildPhase;
			buildActionMask = 2147483647;
			files = (
			);
			runOnlyForDeploymentPostprocessing = 0;
		};
		094A18A829B3A62200364A33 /* Frameworks */ = {
			isa = PBXFrameworksBuildPhase;
			buildActionMask = 2147483647;
			files = (
			);
			runOnlyForDeploymentPostprocessing = 0;
		};
/* End PBXFrameworksBuildPhase section */

/* Begin PBXGroup section */
		094A188229B3A61E00364A33 = {
			isa = PBXGroup;
			children = (
				094A188D29B3A61E00364A33 /* mobileTask */,
				094A18A429B3A62200364A33 /* mobileTaskTests */,
				094A18AE29B3A62200364A33 /* mobileTaskUITests */,
				094A188C29B3A61E00364A33 /* Products */,
			);
			sourceTree = "<group>";
		};
		094A188C29B3A61E00364A33 /* Products */ = {
			isa = PBXGroup;
			children = (
				094A188B29B3A61E00364A33 /* mobileTask.app */,
				094A18A129B3A62200364A33 /* mobileTaskTests.xctest */,
				094A18AB29B3A62200364A33 /* mobileTaskUITests.xctest */,
			);
			name = Products;
			sourceTree = "<group>";
		};
		094A188D29B3A61E00364A33 /* mobileTask */ = {
			isa = PBXGroup;
			children = (
				094A188E29B3A61E00364A33 /* AppDelegate.swift */,
				094A189029B3A61E00364A33 /* SceneDelegate.swift */,
				094A189229B3A61E00364A33 /* ViewController.swift */,
				094A189429B3A61F00364A33 /* Main.storyboard */,
				094A189729B3A62200364A33 /* Assets.xcassets */,
				094A189929B3A62200364A33 /* LaunchScreen.storyboard */,
				094A189C29B3A62200364A33 /* Info.plist */,
			);
			path = mobileTask;
			sourceTree = "<group>";
		};
		094A18A429B3A62200364A33 /* mobileTaskTests */ = {
			isa = PBXGroup;
			children = (
				094A18A529B3A62200364A33 /* mobileTaskTests.swift */,
			);
			path = mobileTaskTests;
			sourceTree = "<group>";
		};
		094A18AE29B3A62200364A33 /* mobileTaskUITests */ = {
			isa = PBXGroup;
			children = (
				094A18AF29B3A62200364A33 /* mobileTaskUITests.swift */,
				094A18B129B3A62300364A33 /* mobileTaskUITestsLaunchTests.swift */,
			);
			path = mobileTaskUITests;
			sourceTree = "<group>";
		};
/* End PBXGroup section */

/* Begin PBXNativeTarget section */
		094A188A29B3A61E00364A33 /* mobileTask */ = {
			isa = PBXNativeTarget;
			buildConfigurationList = 094A18B529B3A62300364A33 /* Build configuration list for PBXNativeTarget "mobileTask" */;
			buildPhases = (
				094A188729B3A61E00364A33 /* Sources */,
				094A188829B3A61E00364A33 /* Frameworks */,
				094A188929B3A61E00364A33 /* Resources */,
			);
			buildRules = (
			);
			dependencies = (
			);
			name = mobileTask;
			productName = mobileTask;
			productReference = 094A188B29B3A61E00364A33 /* mobileTask.app */;
			productType = "com.apple.product-type.application";
		};
		094A18A029B3A62200364A33 /* mobileTaskTests */ = {
			isa = PBXNativeTarget;
			buildConfigurationList = 094A18B829B3A62300364A33 /* Build configuration list for PBXNativeTarget "mobileTaskTests" */;
			buildPhases = (
				094A189D29B3A62200364A33 /* Sources */,
				094A189E29B3A62200364A33 /* Frameworks */,
				094A189F29B3A62200364A33 /* Resources */,
			);
			buildRules = (
			);
			dependencies = (
				094A18A329B3A62200364A33 /* PBXTargetDependency */,
			);
			name = mobileTaskTests;
			productName = mobileTaskTests;
			productReference = 094A18A129B3A62200364A33 /* mobileTaskTests.xctest */;
			productType = "com.apple.product-type.bundle.unit-test";
		};
		094A18AA29B3A62200364A33 /* mobileTaskUITests */ = {
			isa = PBXNativeTarget;
			buildConfigurationList = 094A18BB29B3A62300364A33 /* Build configuration list for PBXNativeTarget "mobileTaskUITests" */;
			buildPhases = (
				094A18A729B3A62200364A33 /* Sources */,
				094A18A829B3A62200364A33 /* Frameworks */,
				094A18A929B3A62200364A33 /* Resources */,
			);
			buildRules = (
			);
			dependencies = (
				094A18AD29B3A62200364A33 /* PBXTargetDependency */,
			);
			name = mobileTaskUITests;
			productName = mobileTaskUITests;
			productReference = 094A18AB29B3A62200364A33 /* mobileTaskUITests.xctest */;
			productType = "com.apple.product-type.bundle.ui-testing";
		};
/* End PBXNativeTarget section */

/* Begin PBXProject section */
		094A188329B3A61E00364A33 /* Project object */ = {
			isa = PBXProject;
			attributes = {
				BuildIndependentTargetsInParallel = 1;
				LastSwiftUpdateCheck = 1410;
				LastUpgradeCheck = 1410;
				TargetAttributes = {
					094A188A29B3A61E00364A33 = {
						CreatedOnToolsVersion = 14.1;
					};
					094A18A029B3A62200364A33 = {
						CreatedOnToolsVersion = 14.1;
						TestTargetID = 094A188A29B3A61E00364A33;
					};
					094A18AA29B3A62200364A33 = {
						CreatedOnToolsVersion = 14.1;
						TestTargetID = 094A188A29B3A61E00364A33;
					};
				};
			};
			buildConfigurationList = 094A188629B3A61E00364A33 /* Build configuration list for PBXProject "mobileTask" */;
			compatibilityVersion = "Xcode 14.0";
			developmentRegion = en;
			hasScannedForEncodings = 0;
			knownRegions = (
				en,
				Base,
			);
			mainGroup = 094A188229B3A61E00364A33;
			productRefGroup = 094A188C29B3A61E00364A33 /* Products */;
			projectDirPath = "";
			projectRoot = "";
			targets = (
				094A188A29B3A61E00364A33 /* mobileTask */,
				094A18A029B3A62200364A33 /* mobileTaskTests */,
				094A18AA29B3A62200364A33 /* mobileTaskUITests */,
			);
		};
/* End PBXProject section */

/* Begin PBXResourcesBuildPhase section */
		094A188929B3A61E00364A33 /* Resources */ = {
			isa = PBXResourcesBuildPhase;
			buildActionMask = 2147483647;
			files = (
				094A189B29B3A62200364A33 /* LaunchScreen.storyboard in Resources */,
				094A189829B3A62200364A33 /* Assets.xcassets in Resources */,
				094A189629B3A61F00364A33 /* Main.storyboard in Resources */,
			);
			runOnlyForDeploymentPostprocessing = 0;
		};
		094A189F29B3A62200364A33 /* Resources */ = {
			isa = PBXResourcesBuildPhase;
			buildActionMask = 2147483647;
			files = (
			);
			runOnlyForDeploymentPostprocessing = 0;
		};
		094A18A929B3A62200364A33 /* Resources */ = {
			isa = PBXResourcesBuildPhase;
			buildActionMask = 2147483647;
			files = (
			);
			runOnlyForDeploymentPostprocessing = 0;
		};
/* End PBXResourcesBuildPhase section */

/* Begin PBXSourcesBuildPhase section */
		094A188729B3A61E00364A33 /* Sources */ = {
			isa = PBXSourcesBuildPhase;
			buildActionMask = 2147483647;
			files = (
				094A189329B3A61E00364A33 /* ViewController.swift in Sources */,
				094A188F29B3A61E00364A33 /* AppDelegate.swift in Sources */,
				094A189129B3A61E00364A33 /* SceneDelegate.swift in Sources */,
			);
			runOnlyForDeploymentPostprocessing = 0;
		};
		094A189D29B3A62200364A33 /* Sources */ = {
			isa = PBXSourcesBuildPhase;
			buildActionMask = 2147483647;
			files = (
				094A18A629B3A62200364A33 /* mobileTaskTests.swift in Sources */,
			);
			runOnlyForDeploymentPostprocessing = 0;
		};
		094A18A729B3A62200364A33 /* Sources */ = {
			isa = PBXSourcesBuildPhase;
			buildActionMask = 2147483647;
			files = (
				094A18B029B3A62200364A33 /* mobileTaskUITests.swift in Sources */,
				094A18B229B3A62300364A33 /* mobileTaskUITestsLaunchTests.swift in Sources */,
			);
			runOnlyForDeploymentPostprocessing = 0;
		};
/* End PBXSourcesBuildPhase section */

/* Begin PBXTargetDependency section */
		094A18A329B3A62200364A33 /* PBXTargetDependency */ = {
			isa = PBXTargetDependency;
			target = 094A188A29B3A61E00364A33 /* mobileTask */;
			targetProxy = 094A18A229B3A62200364A33 /* PBXContainerItemProxy */;
		};
		094A18AD29B3A62200364A33 /* PBXTargetDependency */ = {
			isa = PBXTargetDependency;
			target = 094A188A29B3A61E00364A33 /* mobileTask */;
			targetProxy = 094A18AC29B3A62200364A33 /* PBXContainerItemProxy */;
		};
/* End PBXTargetDependency section */

/* Begin PBXVariantGroup section */
		094A189429B3A61F00364A33 /* Main.storyboard */ = {
			isa = PBXVariantGroup;
			children = (
				094A189529B3A61F00364A33 /* Base */,
			);
			name = Main.storyboard;
			sourceTree = "<group>";
		};
		094A189929B3A62200364A33 /* LaunchScreen.storyboard */ = {
			isa = PBXVariantGroup;
			children = (
				094A189A29B3A62200364A33 /* Base */,
			);
			name = LaunchScreen.storyboard;
			sourceTree = "<group>";
		};
/* End PBXVariantGroup section */

/* Begin XCBuildConfiguration section */
		094A18B329B3A62300364A33 /* Debug */ = {
			isa = XCBuildConfiguration;
			buildSettings = {
				ALWAYS_SEARCH_USER_PATHS = NO;
				CLANG_ANALYZER_NONNULL = YES;
				CLANG_ANALYZER_NUMBER_OBJECT_CONVERSION = YES_AGGRESSIVE;
				CLANG_CXX_LANGUAGE_STANDARD = "gnu++20";
				CLANG_ENABLE_MODULES = YES;
				CLANG_ENABLE_OBJC_ARC = YES;
				CLANG_ENABLE_OBJC_WEAK = YES;
				CLANG_WARN_BLOCK_CAPTURE_AUTORELEASING = YES;
				CLANG_WARN_BOOL_CONVERSION = YES;
				CLANG_WARN_COMMA = YES;
				CLANG_WARN_CONSTANT_CONVERSION = YES;
				CLANG_WARN_DEPRECATED_OBJC_IMPLEMENTATIONS = YES;
				CLANG_WARN_DIRECT_OBJC_ISA_USAGE = YES_ERROR;
				CLANG_WARN_DOCUMENTATION_COMMENTS = YES;
				CLANG_WARN_EMPTY_BODY = YES;
				CLANG_WARN_ENUM_CONVERSION = YES;
				CLANG_WARN_INFINITE_RECURSION = YES;
				CLANG_WARN_INT_CONVERSION = YES;
				CLANG_WARN_NON_LITERAL_NULL_CONVERSION = YES;
				CLANG_WARN_OBJC_IMPLICIT_RETAIN_SELF = YES;
				CLANG_WARN_OBJC_LITERAL_CONVERSION = YES;
				CLANG_WARN_OBJC_ROOT_CLASS = YES_ERROR;
				CLANG_WARN_QUOTED_INCLUDE_IN_FRAMEWORK_HEADER = YES;
				CLANG_WARN_RANGE_LOOP_ANALYSIS = YES;
				CLANG_WARN_STRICT_PROTOTYPES = YES;
				CLANG_WARN_SUSPICIOUS_MOVE = YES;
				CLANG_WARN_UNGUARDED_AVAILABILITY = YES_AGGRESSIVE;
				CLANG_WARN_UNREACHABLE_CODE = YES;
				CLANG_WARN__DUPLICATE_METHOD_MATCH = YES;
				COPY_PHASE_STRIP = NO;
				DEBUG_INFORMATION_FORMAT = dwarf;
				ENABLE_STRICT_OBJC_MSGSEND = YES;
				ENABLE_TESTABILITY = YES;
				GCC_C_LANGUAGE_STANDARD = gnu11;
				GCC_DYNAMIC_NO_PIC = NO;
				GCC_NO_COMMON_BLOCKS = YES;
				GCC_OPTIMIZATION_LEVEL = 0;
				GCC_PREPROCESSOR_DEFINITIONS = (
					"DEBUG=1",
					"$(inherited)",
				);
				GCC_WARN_64_TO_32_BIT_CONVERSION = YES;
				GCC_WARN_ABOUT_RETURN_TYPE = YES_ERROR;
				GCC_WARN_UNDECLARED_SELECTOR = YES;
				GCC_WARN_UNINITIALIZED_AUTOS = YES_AGGRESSIVE;
				GCC_WARN_UNUSED_FUNCTION = YES;
				GCC_WARN_UNUSED_VARIABLE = YES;
				IPHONEOS_DEPLOYMENT_TARGET = 16.1;
				MTL_ENABLE_DEBUG_INFO = INCLUDE_SOURCE;
				MTL_FAST_MATH = YES;
				ONLY_ACTIVE_ARCH = YES;
				SDKROOT = iphoneos;
				SWIFT_ACTIVE_COMPILATION_CONDITIONS = DEBUG;
				SWIFT_OPTIMIZATION_LEVEL = "-Onone";
			};
			name = Debug;
		};
		094A18B429B3A62300364A33 /* Release */ = {
			isa = XCBuildConfiguration;
			buildSettings = {
				ALWAYS_SEARCH_USER_PATHS = NO;
				CLANG_ANALYZER_NONNULL = YES;
				CLANG_ANALYZER_NUMBER_OBJECT_CONVERSION = YES_AGGRESSIVE;
				CLANG_CXX_LANGUAGE_STANDARD = "gnu++20";
				CLANG_ENABLE_MODULES = YES;
				CLANG_ENABLE_OBJC_ARC = YES;
				CLANG_ENABLE_OBJC_WEAK = YES;
				CLANG_WARN_BLOCK_CAPTURE_AUTORELEASING = YES;
				CLANG_WARN_BOOL_CONVERSION = YES;
				CLANG_WARN_COMMA = YES;
				CLANG_WARN_CONSTANT_CONVERSION = YES;
				CLANG_WARN_DEPRECATED_OBJC_IMPLEMENTATIONS = YES;
				CLANG_WARN_DIRECT_OBJC_ISA_USAGE = YES_ERROR;
				CLANG_WARN_DOCUMENTATION_COMMENTS = YES;
				CLANG_WARN_EMPTY_BODY = YES;
				CLANG_WARN_ENUM_CONVERSION = YES;
				CLANG_WARN_INFINITE_RECURSION = YES;
				CLANG_WARN_INT_CONVERSION = YES;
				CLANG_WARN_NON_LITERAL_NULL_CONVERSION = YES;
				CLANG_WARN_OBJC_IMPLICIT_RETAIN_SELF = YES;
				CLANG_WARN_OBJC_LITERAL_CONVERSION = YES;
				CLANG_WARN_OBJC_ROOT_CLASS = YES_ERROR;
				CLANG_WARN_QUOTED_INCLUDE_IN_FRAMEWORK_HEADER = YES;
				CLANG_WARN_RANGE_LOOP_ANALYSIS = YES;
				CLANG_WARN_STRICT_PROTOTYPES = YES;
				CLANG_WARN_SUSPICIOUS_MOVE = YES;
				CLANG_WARN_UNGUARDED_AVAILABILITY = YES_AGGRESSIVE;
				CLANG_WARN_UNREACHABLE_CODE = YES;
				CLANG_WARN__DUPLICATE_METHOD_MATCH = YES;
				COPY_PHASE_STRIP = NO;
				DEBUG_INFORMATION_FORMAT = "dwarf-with-dsym";
				ENABLE_NS_ASSERTIONS = NO;
				ENABLE_STRICT_OBJC_MSGSEND = YES;
				GCC_C_LANGUAGE_STANDARD = gnu11;
				GCC_NO_COMMON_BLOCKS = YES;
				GCC_WARN_64_TO_32_BIT_CONVERSION = YES;
				GCC_WARN_ABOUT_RETURN_TYPE = YES_ERROR;
				GCC_WARN_UNDECLARED_SELECTOR = YES;
				GCC_WARN_UNINITIALIZED_AUTOS = YES_AGGRESSIVE;
				GCC_WARN_UNUSED_FUNCTION = YES;
				GCC_WARN_UNUSED_VARIABLE = YES;
				IPHONEOS_DEPLOYMENT_TARGET = 16.1;
				MTL_ENABLE_DEBUG_INFO = NO;
				MTL_FAST_MATH = YES;
				SDKROOT = iphoneos;
				SWIFT_COMPILATION_MODE = wholemodule;
				SWIFT_OPTIMIZATION_LEVEL = "-O";
				VALIDATE_PRODUCT = YES;
			};
			name = Release;
		};
		094A18B629B3A62300364A33 /* Debug */ = {
			isa = XCBuildConfiguration;
			buildSettings = {
				ASSETCATALOG_COMPILER_APPICON_NAME = AppIcon;
				ASSETCATALOG_COMPILER_GLOBAL_ACCENT_COLOR_NAME = AccentColor;
				CODE_SIGN_STYLE = Automatic;
				CURRENT_PROJECT_VERSION = 1;
				GENERATE_INFOPLIST_FILE = YES;
				INFOPLIST_FILE = mobileTask/Info.plist;
				INFOPLIST_KEY_UIApplicationSupportsIndirectInputEvents = YES;
				INFOPLIST_KEY_UILaunchStoryboardName = LaunchScreen;
				INFOPLIST_KEY_UIMainStoryboardFile = Main;
				INFOPLIST_KEY_UISupportedInterfaceOrientations_iPad = "UIInterfaceOrientationPortrait UIInterfaceOrientationPortraitUpsideDown UIInterfaceOrientationLandscapeLeft UIInterfaceOrientationLandscapeRight";
				INFOPLIST_KEY_UISupportedInterfaceOrientations_iPhone = "UIInterfaceOrientationPortrait UIInterfaceOrientationLandscapeLeft UIInterfaceOrientationLandscapeRight";
				LD_RUNPATH_SEARCH_PATHS = (
					"$(inherited)",
					"@executable_path/Frameworks",
				);
				MARKETING_VERSION = 1.0;
				PRODUCT_BUNDLE_IDENTIFIER = com.mobileTask.mobileTask;
				PRODUCT_NAME = "$(TARGET_NAME)";
				SWIFT_EMIT_LOC_STRINGS = YES;
				SWIFT_VERSION = 5.0;
				TARGETED_DEVICE_FAMILY = "1,2";
			};
			name = Debug;
		};
		094A18B729B3A62300364A33 /* Release */ = {
			isa = XCBuildConfiguration;
			buildSettings = {
				ASSETCATALOG_COMPILER_APPICON_NAME = AppIcon;
				ASSETCATALOG_COMPILER_GLOBAL_ACCENT_COLOR_NAME = AccentColor;
				CODE_SIGN_STYLE = Automatic;
				CURRENT_PROJECT_VERSION = 1;
				GENERATE_INFOPLIST_FILE = YES;
				INFOPLIST_FILE = mobileTask/Info.plist;
				INFOPLIST_KEY_UIApplicationSupportsIndirectInputEvents = YES;
				INFOPLIST_KEY_UILaunchStoryboardName = LaunchScreen;
				INFOPLIST_KEY_UIMainStoryboardFile = Main;
				INFOPLIST_KEY_UISupportedInterfaceOrientations_iPad = "UIInterfaceOrientationPortrait UIInterfaceOrientationPortraitUpsideDown UIInterfaceOrientationLandscapeLeft UIInterfaceOrientationLandscapeRight";
				INFOPLIST_KEY_UISupportedInterfaceOrientations_iPhone = "UIInterfaceOrientationPortrait UIInterfaceOrientationLandscapeLeft UIInterfaceOrientationLandscapeRight";
				LD_RUNPATH_SEARCH_PATHS = (
					"$(inherited)",
					"@executable_path/Frameworks",
				);
				MARKETING_VERSION = 1.0;
				PRODUCT_BUNDLE_IDENTIFIER = com.mobileTask.mobileTask;
				PRODUCT_NAME = "$(TARGET_NAME)";
				SWIFT_EMIT_LOC_STRINGS = YES;
				SWIFT_VERSION = 5.0;
				TARGETED_DEVICE_FAMILY = "1,2";
			};
			name = Release;
		};
		094A18B929B3A62300364A33 /* Debug */ = {
			isa = XCBuildConfiguration;
			buildSettings = {
				ALWAYS_EMBED_SWIFT_STANDARD_LIBRARIES = YES;
				BUNDLE_LOADER = "$(TEST_HOST)";
				CODE_SIGN_STYLE = Automatic;
				CURRENT_PROJECT_VERSION = 1;
				GENERATE_INFOPLIST_FILE = YES;
				IPHONEOS_DEPLOYMENT_TARGET = 16.1;
				MARKETING_VERSION = 1.0;
				PRODUCT_BUNDLE_IDENTIFIER = com.mobileTask.mobileTaskTests;
				PRODUCT_NAME = "$(TARGET_NAME)";
				SWIFT_EMIT_LOC_STRINGS = NO;
				SWIFT_VERSION = 5.0;
				TARGETED_DEVICE_FAMILY = "1,2";
				TEST_HOST = "$(BUILT_PRODUCTS_DIR)/mobileTask.app/$(BUNDLE_EXECUTABLE_FOLDER_PATH)/mobileTask";
			};
			name = Debug;
		};
		094A18BA29B3A62300364A33 /* Release */ = {
			isa = XCBuildConfiguration;
			buildSettings = {
				ALWAYS_EMBED_SWIFT_STANDARD_LIBRARIES = YES;
				BUNDLE_LOADER = "$(TEST_HOST)";
				CODE_SIGN_STYLE = Automatic;
				CURRENT_PROJECT_VERSION = 1;
				GENERATE_INFOPLIST_FILE = YES;
				IPHONEOS_DEPLOYMENT_TARGET = 16.1;
				MARKETING_VERSION = 1.0;
				PRODUCT_BUNDLE_IDENTIFIER = com.mobileTask.mobileTaskTests;
				PRODUCT_NAME = "$(TARGET_NAME)";
				SWIFT_EMIT_LOC_STRINGS = NO;
				SWIFT_VERSION = 5.0;
				TARGETED_DEVICE_FAMILY = "1,2";
				TEST_HOST = "$(BUILT_PRODUCTS_DIR)/mobileTask.app/$(BUNDLE_EXECUTABLE_FOLDER_PATH)/mobileTask";
			};
			name = Release;
		};
		094A18BC29B3A62300364A33 /* Debug */ = {
			isa = XCBuildConfiguration;
			buildSettings = {
				ALWAYS_EMBED_SWIFT_STANDARD_LIBRARIES = YES;
				CODE_SIGN_STYLE = Automatic;
				CURRENT_PROJECT_VERSION = 1;
				GENERATE_INFOPLIST_FILE = YES;
				MARKETING_VERSION = 1.0;
				PRODUCT_BUNDLE_IDENTIFIER = com.mobileTask.mobileTaskUITests;
				PRODUCT_NAME = "$(TARGET_NAME)";
				SWIFT_EMIT_LOC_STRINGS = NO;
				SWIFT_VERSION = 5.0;
				TARGETED_DEVICE_FAMILY = "1,2";
				TEST_TARGET_NAME = mobileTask;
			};
			name = Debug;
		};
		094A18BD29B3A62300364A33 /* Release */ = {
			isa = XCBuildConfiguration;
			buildSettings = {
				ALWAYS_EMBED_SWIFT_STANDARD_LIBRARIES = YES;
				CODE_SIGN_STYLE = Automatic;
				CURRENT_PROJECT_VERSION = 1;
				GENERATE_INFOPLIST_FILE = YES;
				MARKETING_VERSION = 1.0;
				PRODUCT_BUNDLE_IDENTIFIER = com.mobileTask.mobileTaskUITests;
				PRODUCT_NAME = "$(TARGET_NAME)";
				SWIFT_EMIT_LOC_STRINGS = NO;
				SWIFT_VERSION = 5.0;
				TARGETED_DEVICE_FAMILY = "1,2";
				TEST_TARGET_NAME = mobileTask;
			};
			name = Release;
		};
/* End XCBuildConfiguration section */

/* Begin XCConfigurationList section */
		094A188629B3A61E00364A33 /* Build configuration list for PBXProject "mobileTask" */ = {
			isa = XCConfigurationList;
			buildConfigurations = (
				094A18B329B3A62300364A33 /* Debug */,
				094A18B429B3A62300364A33 /* Release */,
			);
			defaultConfigurationIsVisible = 0;
			defaultConfigurationName = Release;
		};
		094A18B529B3A62300364A33 /* Build configuration list for PBXNativeTarget "mobileTask" */ = {
			isa = XCConfigurationList;
			buildConfigurations = (
				094A18B629B3A62300364A33 /* Debug */,
				094A18B729B3A62300364A33 /* Release */,
			);
			defaultConfigurationIsVisible = 0;
			defaultConfigurationName = Release;
		};
		094A18B829B3A62300364A33 /* Build configuration list for PBXNativeTarget "mobileTaskTests" */ = {
			isa = XCConfigurationList;
			buildConfigurations = (
				094A18B929B3A62300364A33 /* Debug */,
				094A18BA29B3A62300364A33 /* Release */,
			);
			defaultConfigurationIsVisible = 0;
			defaultConfigurationName = Release;
		};
		094A18BB29B3A62300364A33 /* Build configuration list for PBXNativeTarget "mobileTaskUITests" */ = {
			isa = XCConfigurationList;
			buildConfigurations = (
				094A18BC29B3A62300364A33 /* Debug */,
				094A18BD29B3A62300364A33 /* Release */,
			);
			defaultConfigurationIsVisible = 0;
			defaultConfigurationName = Release;
		};
/* End XCConfigurationList section */
	};
	rootObject = 094A188329B3A61E00364A33 /* Project object */;
}
